// !$*UTF8*$!
{
	archiveVersion = 1;
	classes = {
	};
	objectVersion = 56;
	objects = {

/* Begin PBXBuildFile section */
		B44388D929EB2D1600CA0796 /* SwiftyGif in Frameworks */ = {isa = PBXBuildFile; productRef = B44388D829EB2D1600CA0796 /* SwiftyGif */; };
		B44388DB29EB33AE00CA0796 /* CommonUtils.swift in Sources */ = {isa = PBXBuildFile; fileRef = B44388DA29EB33AE00CA0796 /* CommonUtils.swift */; };
		B44672F929EA0BB8003484B4 /* PokemonModel.swift in Sources */ = {isa = PBXBuildFile; fileRef = B44672F829EA0BB8003484B4 /* PokemonModel.swift */; };
		B44672FB29EA0BC9003484B4 /* PokemonController.swift in Sources */ = {isa = PBXBuildFile; fileRef = B44672FA29EA0BC9003484B4 /* PokemonController.swift */; };
		B44672FE29EA1BF6003484B4 /* Alamofire in Frameworks */ = {isa = PBXBuildFile; productRef = B44672FD29EA1BF6003484B4 /* Alamofire */; };
		B446730029EB2C39003484B4 /* loader.gif in Resources */ = {isa = PBXBuildFile; fileRef = B44672FF29EB2C39003484B4 /* loader.gif */; };
		B446730229EB2C54003484B4 /* LoaderViewController.swift in Sources */ = {isa = PBXBuildFile; fileRef = B446730129EB2C54003484B4 /* LoaderViewController.swift */; };
		B45013C829E9C0360068FAC3 /* AppDelegate.swift in Sources */ = {isa = PBXBuildFile; fileRef = B45013C729E9C0360068FAC3 /* AppDelegate.swift */; };
		B45013CA29E9C0360068FAC3 /* SceneDelegate.swift in Sources */ = {isa = PBXBuildFile; fileRef = B45013C929E9C0360068FAC3 /* SceneDelegate.swift */; };
		B45013CC29E9C0360068FAC3 /* ViewController.swift in Sources */ = {isa = PBXBuildFile; fileRef = B45013CB29E9C0360068FAC3 /* ViewController.swift */; };
		B45013CF29E9C0360068FAC3 /* Main.storyboard in Resources */ = {isa = PBXBuildFile; fileRef = B45013CD29E9C0360068FAC3 /* Main.storyboard */; };
		B45013D129E9C0380068FAC3 /* Assets.xcassets in Resources */ = {isa = PBXBuildFile; fileRef = B45013D029E9C0380068FAC3 /* Assets.xcassets */; };
		B45013D429E9C0380068FAC3 /* LaunchScreen.storyboard in Resources */ = {isa = PBXBuildFile; fileRef = B45013D229E9C0380068FAC3 /* LaunchScreen.storyboard */; };
/* End PBXBuildFile section */

/* Begin PBXFileReference section */
		B44388DA29EB33AE00CA0796 /* CommonUtils.swift */ = {isa = PBXFileReference; lastKnownFileType = sourcecode.swift; path = CommonUtils.swift; sourceTree = "<group>"; };
		B44672F829EA0BB8003484B4 /* PokemonModel.swift */ = {isa = PBXFileReference; lastKnownFileType = sourcecode.swift; path = PokemonModel.swift; sourceTree = "<group>"; };
		B44672FA29EA0BC9003484B4 /* PokemonController.swift */ = {isa = PBXFileReference; lastKnownFileType = sourcecode.swift; path = PokemonController.swift; sourceTree = "<group>"; };
		B44672FF29EB2C39003484B4 /* loader.gif */ = {isa = PBXFileReference; lastKnownFileType = image.gif; path = loader.gif; sourceTree = "<group>"; };
		B446730129EB2C54003484B4 /* LoaderViewController.swift */ = {isa = PBXFileReference; lastKnownFileType = sourcecode.swift; path = LoaderViewController.swift; sourceTree = "<group>"; };
		B45013C429E9C0360068FAC3 /* satoritechprueba.app */ = {isa = PBXFileReference; explicitFileType = wrapper.application; includeInIndex = 0; path = satoritechprueba.app; sourceTree = BUILT_PRODUCTS_DIR; };
		B45013C729E9C0360068FAC3 /* AppDelegate.swift */ = {isa = PBXFileReference; lastKnownFileType = sourcecode.swift; path = AppDelegate.swift; sourceTree = "<group>"; };
		B45013C929E9C0360068FAC3 /* SceneDelegate.swift */ = {isa = PBXFileReference; lastKnownFileType = sourcecode.swift; path = SceneDelegate.swift; sourceTree = "<group>"; };
		B45013CB29E9C0360068FAC3 /* ViewController.swift */ = {isa = PBXFileReference; lastKnownFileType = sourcecode.swift; path = ViewController.swift; sourceTree = "<group>"; };
		B45013CE29E9C0360068FAC3 /* Base */ = {isa = PBXFileReference; lastKnownFileType = file.storyboard; name = Base; path = Base.lproj/Main.storyboard; sourceTree = "<group>"; };
		B45013D029E9C0380068FAC3 /* Assets.xcassets */ = {isa = PBXFileReference; lastKnownFileType = folder.assetcatalog; path = Assets.xcassets; sourceTree = "<group>"; };
		B45013D329E9C0380068FAC3 /* Base */ = {isa = PBXFileReference; lastKnownFileType = file.storyboard; name = Base; path = Base.lproj/LaunchScreen.storyboard; sourceTree = "<group>"; };
		B45013D529E9C0380068FAC3 /* Info.plist */ = {isa = PBXFileReference; lastKnownFileType = text.plist.xml; path = Info.plist; sourceTree = "<group>"; };
/* End PBXFileReference section */

/* Begin PBXFrameworksBuildPhase section */
		B45013C129E9C0360068FAC3 /* Frameworks */ = {
			isa = PBXFrameworksBuildPhase;
			buildActionMask = 2147483647;
			files = (
				B44672FE29EA1BF6003484B4 /* Alamofire in Frameworks */,
				B44388D929EB2D1600CA0796 /* SwiftyGif in Frameworks */,
			);
			runOnlyForDeploymentPostprocessing = 0;
		};
/* End PBXFrameworksBuildPhase section */

/* Begin PBXGroup section */
		B44672F429EA0B74003484B4 /* Model */ = {
			isa = PBXGroup;
			children = (
				B44672F829EA0BB8003484B4 /* PokemonModel.swift */,
			);
			path = Model;
			sourceTree = "<group>";
		};
		B44672F529EA0B7D003484B4 /* Controller */ = {
			isa = PBXGroup;
			children = (
				B44672FA29EA0BC9003484B4 /* PokemonController.swift */,
			);
			path = Controller;
			sourceTree = "<group>";
		};
		B44672F629EA0B88003484B4 /* View */ = {
			isa = PBXGroup;
			children = (
				B45013D229E9C0380068FAC3 /* LaunchScreen.storyboard */,
				B45013CD29E9C0360068FAC3 /* Main.storyboard */,
				B45013CB29E9C0360068FAC3 /* ViewController.swift */,
			);
			path = View;
			sourceTree = "<group>";
		};
		B44672F729EA0B99003484B4 /* Extras */ = {
			isa = PBXGroup;
			children = (
				B44672FF29EB2C39003484B4 /* loader.gif */,
				B45013D029E9C0380068FAC3 /* Assets.xcassets */,
				B446730129EB2C54003484B4 /* LoaderViewController.swift */,
				B44388DA29EB33AE00CA0796 /* CommonUtils.swift */,
			);
			path = Extras;
			sourceTree = "<group>";
		};
		B45013BB29E9C0360068FAC3 = {
			isa = PBXGroup;
			children = (
				B45013C629E9C0360068FAC3 /* satoritechprueba */,
				B45013C529E9C0360068FAC3 /* Products */,
			);
			sourceTree = "<group>";
		};
		B45013C529E9C0360068FAC3 /* Products */ = {
			isa = PBXGroup;
			children = (
				B45013C429E9C0360068FAC3 /* satoritechprueba.app */,
			);
			name = Products;
			sourceTree = "<group>";
		};
		B45013C629E9C0360068FAC3 /* satoritechprueba */ = {
			isa = PBXGroup;
			children = (
				B44672F729EA0B99003484B4 /* Extras */,
				B44672F629EA0B88003484B4 /* View */,
				B44672F529EA0B7D003484B4 /* Controller */,
				B44672F429EA0B74003484B4 /* Model */,
				B45013C729E9C0360068FAC3 /* AppDelegate.swift */,
				B45013C929E9C0360068FAC3 /* SceneDelegate.swift */,
				B45013D529E9C0380068FAC3 /* Info.plist */,
			);
			path = satoritechprueba;
			sourceTree = "<group>";
		};
/* End PBXGroup section */

/* Begin PBXNativeTarget section */
		B45013C329E9C0360068FAC3 /* satoritechprueba */ = {
			isa = PBXNativeTarget;
			buildConfigurationList = B45013D829E9C0380068FAC3 /* Build configuration list for PBXNativeTarget "satoritechprueba" */;
			buildPhases = (
				B45013C029E9C0360068FAC3 /* Sources */,
				B45013C129E9C0360068FAC3 /* Frameworks */,
				B45013C229E9C0360068FAC3 /* Resources */,
			);
			buildRules = (
			);
			dependencies = (
			);
			name = satoritechprueba;
			packageProductDependencies = (
				B44672FD29EA1BF6003484B4 /* Alamofire */,
				B44388D829EB2D1600CA0796 /* SwiftyGif */,
			);
			productName = satoritechprueba;
			productReference = B45013C429E9C0360068FAC3 /* satoritechprueba.app */;
			productType = "com.apple.product-type.application";
		};
/* End PBXNativeTarget section */

/* Begin PBXProject section */
		B45013BC29E9C0360068FAC3 /* Project object */ = {
			isa = PBXProject;
			attributes = {
				BuildIndependentTargetsInParallel = 1;
				LastSwiftUpdateCheck = 1420;
				LastUpgradeCheck = 1420;
				TargetAttributes = {
					B45013C329E9C0360068FAC3 = {
						CreatedOnToolsVersion = 14.2;
					};
				};
			};
			buildConfigurationList = B45013BF29E9C0360068FAC3 /* Build configuration list for PBXProject "satoritechprueba" */;
			compatibilityVersion = "Xcode 14.0";
			developmentRegion = en;
			hasScannedForEncodings = 0;
			knownRegions = (
				en,
				Base,
			);
			mainGroup = B45013BB29E9C0360068FAC3;
			packageReferences = (
				B44672FC29EA1BF6003484B4 /* XCRemoteSwiftPackageReference "Alamofire" */,
				B44388D729EB2D1600CA0796 /* XCRemoteSwiftPackageReference "SwiftyGif" */,
			);
			productRefGroup = B45013C529E9C0360068FAC3 /* Products */;
			projectDirPath = "";
			projectRoot = "";
			targets = (
				B45013C329E9C0360068FAC3 /* satoritechprueba */,
			);
		};
/* End PBXProject section */

/* Begin PBXResourcesBuildPhase section */
		B45013C229E9C0360068FAC3 /* Resources */ = {
			isa = PBXResourcesBuildPhase;
			buildActionMask = 2147483647;
			files = (
				B45013D429E9C0380068FAC3 /* LaunchScreen.storyboard in Resources */,
				B446730029EB2C39003484B4 /* loader.gif in Resources */,
				B45013D129E9C0380068FAC3 /* Assets.xcassets in Resources */,
				B45013CF29E9C0360068FAC3 /* Main.storyboard in Resources */,
			);
			runOnlyForDeploymentPostprocessing = 0;
		};
/* End PBXResourcesBuildPhase section */

/* Begin PBXSourcesBuildPhase section */
		B45013C029E9C0360068FAC3 /* Sources */ = {
			isa = PBXSourcesBuildPhase;
			buildActionMask = 2147483647;
			files = (
				B45013CC29E9C0360068FAC3 /* ViewController.swift in Sources */,
				B446730229EB2C54003484B4 /* LoaderViewController.swift in Sources */,
				B45013C829E9C0360068FAC3 /* AppDelegate.swift in Sources */,
				B45013CA29E9C0360068FAC3 /* SceneDelegate.swift in Sources */,
				B44672F929EA0BB8003484B4 /* PokemonModel.swift in Sources */,
				B44388DB29EB33AE00CA0796 /* CommonUtils.swift in Sources */,
				B44672FB29EA0BC9003484B4 /* PokemonController.swift in Sources */,
			);
			runOnlyForDeploymentPostprocessing = 0;
		};
/* End PBXSourcesBuildPhase section */

/* Begin PBXVariantGroup section */
		B45013CD29E9C0360068FAC3 /* Main.storyboard */ = {
			isa = PBXVariantGroup;
			children = (
				B45013CE29E9C0360068FAC3 /* Base */,
			);
			name = Main.storyboard;
			sourceTree = "<group>";
		};
		B45013D229E9C0380068FAC3 /* LaunchScreen.storyboard */ = {
			isa = PBXVariantGroup;
			children = (
				B45013D329E9C0380068FAC3 /* Base */,
			);
			name = LaunchScreen.storyboard;
			sourceTree = "<group>";
		};
/* End PBXVariantGroup section */

/* Begin XCBuildConfiguration section */
		B45013D629E9C0380068FAC3 /* Debug */ = {
			isa = XCBuildConfiguration;
			buildSettings = {
				ALWAYS_SEARCH_USER_PATHS = NO;
				CLANG_ANALYZER_NONNULL = YES;
				CLANG_ANALYZER_NUMBER_OBJECT_CONVERSION = YES_AGGRESSIVE;
				CLANG_CXX_LANGUAGE_STANDARD = "gnu++20";
				CLANG_ENABLE_MODULES = YES;
				CLANG_ENABLE_OBJC_ARC = YES;
				CLANG_ENABLE_OBJC_WEAK = YES;
				CLANG_WARN_BLOCK_CAPTURE_AUTORELEASING = YES;
				CLANG_WARN_BOOL_CONVERSION = YES;
				CLANG_WARN_COMMA = YES;
				CLANG_WARN_CONSTANT_CONVERSION = YES;
				CLANG_WARN_DEPRECATED_OBJC_IMPLEMENTATIONS = YES;
				CLANG_WARN_DIRECT_OBJC_ISA_USAGE = YES_ERROR;
				CLANG_WARN_DOCUMENTATION_COMMENTS = YES;
				CLANG_WARN_EMPTY_BODY = YES;
				CLANG_WARN_ENUM_CONVERSION = YES;
				CLANG_WARN_INFINITE_RECURSION = YES;
				CLANG_WARN_INT_CONVERSION = YES;
				CLANG_WARN_NON_LITERAL_NULL_CONVERSION = YES;
				CLANG_WARN_OBJC_IMPLICIT_RETAIN_SELF = YES;
				CLANG_WARN_OBJC_LITERAL_CONVERSION = YES;
				CLANG_WARN_OBJC_ROOT_CLASS = YES_ERROR;
				CLANG_WARN_QUOTED_INCLUDE_IN_FRAMEWORK_HEADER = YES;
				CLANG_WARN_RANGE_LOOP_ANALYSIS = YES;
				CLANG_WARN_STRICT_PROTOTYPES = YES;
				CLANG_WARN_SUSPICIOUS_MOVE = YES;
				CLANG_WARN_UNGUARDED_AVAILABILITY = YES_AGGRESSIVE;
				CLANG_WARN_UNREACHABLE_CODE = YES;
				CLANG_WARN__DUPLICATE_METHOD_MATCH = YES;
				COPY_PHASE_STRIP = NO;
				DEBUG_INFORMATION_FORMAT = dwarf;
				ENABLE_STRICT_OBJC_MSGSEND = YES;
				ENABLE_TESTABILITY = YES;
				GCC_C_LANGUAGE_STANDARD = gnu11;
				GCC_DYNAMIC_NO_PIC = NO;
				GCC_NO_COMMON_BLOCKS = YES;
				GCC_OPTIMIZATION_LEVEL = 0;
				GCC_PREPROCESSOR_DEFINITIONS = (
					"DEBUG=1",
					"$(inherited)",
				);
				GCC_WARN_64_TO_32_BIT_CONVERSION = YES;
				GCC_WARN_ABOUT_RETURN_TYPE = YES_ERROR;
				GCC_WARN_UNDECLARED_SELECTOR = YES;
				GCC_WARN_UNINITIALIZED_AUTOS = YES_AGGRESSIVE;
				GCC_WARN_UNUSED_FUNCTION = YES;
				GCC_WARN_UNUSED_VARIABLE = YES;
				IPHONEOS_DEPLOYMENT_TARGET = 16.2;
				MTL_ENABLE_DEBUG_INFO = INCLUDE_SOURCE;
				MTL_FAST_MATH = YES;
				ONLY_ACTIVE_ARCH = YES;
				SDKROOT = iphoneos;
				SWIFT_ACTIVE_COMPILATION_CONDITIONS = DEBUG;
				SWIFT_OPTIMIZATION_LEVEL = "-Onone";
			};
			name = Debug;
		};
		B45013D729E9C0380068FAC3 /* Release */ = {
			isa = XCBuildConfiguration;
			buildSettings = {
				ALWAYS_SEARCH_USER_PATHS = NO;
				CLANG_ANALYZER_NONNULL = YES;
				CLANG_ANALYZER_NUMBER_OBJECT_CONVERSION = YES_AGGRESSIVE;
				CLANG_CXX_LANGUAGE_STANDARD = "gnu++20";
				CLANG_ENABLE_MODULES = YES;
				CLANG_ENABLE_OBJC_ARC = YES;
				CLANG_ENABLE_OBJC_WEAK = YES;
				CLANG_WARN_BLOCK_CAPTURE_AUTORELEASING = YES;
				CLANG_WARN_BOOL_CONVERSION = YES;
				CLANG_WARN_COMMA = YES;
				CLANG_WARN_CONSTANT_CONVERSION = YES;
				CLANG_WARN_DEPRECATED_OBJC_IMPLEMENTATIONS = YES;
				CLANG_WARN_DIRECT_OBJC_ISA_USAGE = YES_ERROR;
				CLANG_WARN_DOCUMENTATION_COMMENTS = YES;
				CLANG_WARN_EMPTY_BODY = YES;
				CLANG_WARN_ENUM_CONVERSION = YES;
				CLANG_WARN_INFINITE_RECURSION = YES;
				CLANG_WARN_INT_CONVERSION = YES;
				CLANG_WARN_NON_LITERAL_NULL_CONVERSION = YES;
				CLANG_WARN_OBJC_IMPLICIT_RETAIN_SELF = YES;
				CLANG_WARN_OBJC_LITERAL_CONVERSION = YES;
				CLANG_WARN_OBJC_ROOT_CLASS = YES_ERROR;
				CLANG_WARN_QUOTED_INCLUDE_IN_FRAMEWORK_HEADER = YES;
				CLANG_WARN_RANGE_LOOP_ANALYSIS = YES;
				CLANG_WARN_STRICT_PROTOTYPES = YES;
				CLANG_WARN_SUSPICIOUS_MOVE = YES;
				CLANG_WARN_UNGUARDED_AVAILABILITY = YES_AGGRESSIVE;
				CLANG_WARN_UNREACHABLE_CODE = YES;
				CLANG_WARN__DUPLICATE_METHOD_MATCH = YES;
				COPY_PHASE_STRIP = NO;
				DEBUG_INFORMATION_FORMAT = "dwarf-with-dsym";
				ENABLE_NS_ASSERTIONS = NO;
				ENABLE_STRICT_OBJC_MSGSEND = YES;
				GCC_C_LANGUAGE_STANDARD = gnu11;
				GCC_NO_COMMON_BLOCKS = YES;
				GCC_WARN_64_TO_32_BIT_CONVERSION = YES;
				GCC_WARN_ABOUT_RETURN_TYPE = YES_ERROR;
				GCC_WARN_UNDECLARED_SELECTOR = YES;
				GCC_WARN_UNINITIALIZED_AUTOS = YES_AGGRESSIVE;
				GCC_WARN_UNUSED_FUNCTION = YES;
				GCC_WARN_UNUSED_VARIABLE = YES;
				IPHONEOS_DEPLOYMENT_TARGET = 16.2;
				MTL_ENABLE_DEBUG_INFO = NO;
				MTL_FAST_MATH = YES;
				SDKROOT = iphoneos;
				SWIFT_COMPILATION_MODE = wholemodule;
				SWIFT_OPTIMIZATION_LEVEL = "-O";
				VALIDATE_PRODUCT = YES;
			};
			name = Release;
		};
		B45013D929E9C0380068FAC3 /* Debug */ = {
			isa = XCBuildConfiguration;
			buildSettings = {
				ASSETCATALOG_COMPILER_APPICON_NAME = AppIcon;
				ASSETCATALOG_COMPILER_GLOBAL_ACCENT_COLOR_NAME = AccentColor;
				ASSETCATALOG_COMPILER_INCLUDE_ALL_APPICON_ASSETS = YES;
				CODE_SIGN_STYLE = Automatic;
				CURRENT_PROJECT_VERSION = 1;
				DEVELOPMENT_TEAM = 592KC25XGL;
				GENERATE_INFOPLIST_FILE = YES;
				INFOPLIST_FILE = satoritechprueba/Info.plist;
				INFOPLIST_KEY_UIApplicationSupportsIndirectInputEvents = YES;
				INFOPLIST_KEY_UILaunchStoryboardName = LaunchScreen;
				INFOPLIST_KEY_UIMainStoryboardFile = Main;
				INFOPLIST_KEY_UIStatusBarStyle = UIStatusBarStyleLightContent;
				INFOPLIST_KEY_UISupportedInterfaceOrientations = UIInterfaceOrientationPortrait;
				INFOPLIST_KEY_UIUserInterfaceStyle = light;
				IPHONEOS_DEPLOYMENT_TARGET = 15.0;
				LD_RUNPATH_SEARCH_PATHS = (
					"$(inherited)",
					"@executable_path/Frameworks",
				);
				MARKETING_VERSION = 1.0;
				PRODUCT_BUNDLE_IDENTIFIER = com.cfaaps.satoritechprueba;
				PRODUCT_NAME = "$(TARGET_NAME)";
				SWIFT_EMIT_LOC_STRINGS = YES;
				SWIFT_VERSION = 5.0;
				TARGETED_DEVICE_FAMILY = "1,2";
			};
			name = Debug;
		};
		B45013DA29E9C0380068FAC3 /* Release */ = {
			isa = XCBuildConfiguration;
			buildSettings = {
				ASSETCATALOG_COMPILER_APPICON_NAME = AppIcon;
				ASSETCATALOG_COMPILER_GLOBAL_ACCENT_COLOR_NAME = AccentColor;
				ASSETCATALOG_COMPILER_INCLUDE_ALL_APPICON_ASSETS = YES;
				CODE_SIGN_STYLE = Automatic;
				CURRENT_PROJECT_VERSION = 1;
				DEVELOPMENT_TEAM = 592KC25XGL;
				GENERATE_INFOPLIST_FILE = YES;
				INFOPLIST_FILE = satoritechprueba/Info.plist;
				INFOPLIST_KEY_UIApplicationSupportsIndirectInputEvents = YES;
				INFOPLIST_KEY_UILaunchStoryboardName = LaunchScreen;
				INFOPLIST_KEY_UIMainStoryboardFile = Main;
				INFOPLIST_KEY_UIStatusBarStyle = UIStatusBarStyleLightContent;
				INFOPLIST_KEY_UISupportedInterfaceOrientations = UIInterfaceOrientationPortrait;
				INFOPLIST_KEY_UIUserInterfaceStyle = light;
				IPHONEOS_DEPLOYMENT_TARGET = 15.0;
				LD_RUNPATH_SEARCH_PATHS = (
					"$(inherited)",
					"@executable_path/Frameworks",
				);
				MARKETING_VERSION = 1.0;
				PRODUCT_BUNDLE_IDENTIFIER = com.cfaaps.satoritechprueba;
				PRODUCT_NAME = "$(TARGET_NAME)";
				SWIFT_EMIT_LOC_STRINGS = YES;
				SWIFT_VERSION = 5.0;
				TARGETED_DEVICE_FAMILY = "1,2";
			};
			name = Release;
		};
/* End XCBuildConfiguration section */

/* Begin XCConfigurationList section */
		B45013BF29E9C0360068FAC3 /* Build configuration list for PBXProject "satoritechprueba" */ = {
			isa = XCConfigurationList;
			buildConfigurations = (
				B45013D629E9C0380068FAC3 /* Debug */,
				B45013D729E9C0380068FAC3 /* Release */,
			);
			defaultConfigurationIsVisible = 0;
			defaultConfigurationName = Release;
		};
		B45013D829E9C0380068FAC3 /* Build configuration list for PBXNativeTarget "satoritechprueba" */ = {
			isa = XCConfigurationList;
			buildConfigurations = (
				B45013D929E9C0380068FAC3 /* Debug */,
				B45013DA29E9C0380068FAC3 /* Release */,
			);
			defaultConfigurationIsVisible = 0;
			defaultConfigurationName = Release;
		};
/* End XCConfigurationList section */

/* Begin XCRemoteSwiftPackageReference section */
		B44388D729EB2D1600CA0796 /* XCRemoteSwiftPackageReference "SwiftyGif" */ = {
			isa = XCRemoteSwiftPackageReference;
			repositoryURL = "https://github.com/kirualex/SwiftyGif.git";
			requirement = {
				branch = master;
				kind = branch;
			};
		};
		B44672FC29EA1BF6003484B4 /* XCRemoteSwiftPackageReference "Alamofire" */ = {
			isa = XCRemoteSwiftPackageReference;
			repositoryURL = "https://github.com/Alamofire/Alamofire.git";
			requirement = {
				kind = upToNextMajorVersion;
				minimumVersion = 5.0.0;
			};
		};
/* End XCRemoteSwiftPackageReference section */

/* Begin XCSwiftPackageProductDependency section */
		B44388D829EB2D1600CA0796 /* SwiftyGif */ = {
			isa = XCSwiftPackageProductDependency;
			package = B44388D729EB2D1600CA0796 /* XCRemoteSwiftPackageReference "SwiftyGif" */;
			productName = SwiftyGif;
		};
		B44672FD29EA1BF6003484B4 /* Alamofire */ = {
			isa = XCSwiftPackageProductDependency;
			package = B44672FC29EA1BF6003484B4 /* XCRemoteSwiftPackageReference "Alamofire" */;
			productName = Alamofire;
		};
/* End XCSwiftPackageProductDependency section */
	};
	rootObject = B45013BC29E9C0360068FAC3 /* Project object */;
}
